
Microsoft Visual Studio Solution File, Format Version 12.00
# Visual Studio 14
VisualStudioVersion = 14.0.25420.1
MinimumVisualStudioVersion = 10.0.40219.1
Project("{FAE04EC0-301F-11D3-BF4B-00C04F79EFBC}") = "LOTO_app", "LOTO_app\LOTO_app.csproj", "{488745F9-3CB5-4EEE-AC49-D35246B42989}"
EndProject
Global
	GlobalSection(SolutionConfigurationPlatforms) = preSolution
		Debug|Any CPU = Debug|Any CPU
		Release|Any CPU = Release|Any CPU
	EndGlobalSection
	GlobalSection(ProjectConfigurationPlatforms) = postSolution
		{488745F9-3CB5-4EEE-AC49-D35246B42989}.Debug|Any CPU.ActiveCfg = Debug|Any CPU
		{488745F9-3CB5-4EEE-AC49-D35246B42989}.Debug|Any CPU.Build.0 = Debug|Any CPU
		{488745F9-3CB5-4EEE-AC49-D35246B42989}.Release|Any CPU.ActiveCfg = Release|Any CPU
		{488745F9-3CB5-4EEE-AC49-D35246B42989}.Release|Any CPU.Build.0 = Release|Any CPU
	EndGlobalSection
	GlobalSection(SolutionProperties) = preSolution
		HideSolutionNode = FALSE
	EndGlobalSection
EndGlobal
